{
  "name": "goit-js-hw-07",
  "lockfileVersion": 2,
  "requires": true,
  "packages": {
    "": {
      "dependencies": {
        "lightbox": "^0.5.0"
      }
    },
    "node_modules/lightbox": {
      "version": "0.5.0",
      "resolved": "https://registry.npmjs.org/lightbox/-/lightbox-0.5.0.tgz",
      "integrity": "sha512-BB6XoNgq+icookOeXt5BVVpEwSxslacmlrBlhsr4PpoahVOBo/lVGShyIl5nlGQ/aMFOC6ULNRUwwtjTJDE/SA=="
    }
  },
  "dependencies": {
    "lightbox": {
      "version": "0.5.0",
      "resolved": "https://registry.npmjs.org/lightbox/-/lightbox-0.5.0.tgz",
      "integrity": "sha512-BB6XoNgq+icookOeXt5BVVpEwSxslacmlrBlhsr4PpoahVOBo/lVGShyIl5nlGQ/aMFOC6ULNRUwwtjTJDE/SA=="
    }
  }
}
